// !$*UTF8*$!
{
	archiveVersion = 1;
	classes = {
	};
	objectVersion = 50;
	objects = {

/* Begin PBXBuildFile section */
		6435B4F622CE58E800270210 /* TestShape.swift in Sources */ = {isa = PBXBuildFile; fileRef = 6435B4F522CE58E800270210 /* TestShape.swift */; };
		646C32BE22CB9EE300A6B321 /* LightsTests.swift in Sources */ = {isa = PBXBuildFile; fileRef = 646C32BD22CB9EE300A6B321 /* LightsTests.swift */; };
		646C32C422CB9FEA00A6B321 /* MaterialsTests.swift in Sources */ = {isa = PBXBuildFile; fileRef = 646C32C322CB9FEA00A6B321 /* MaterialsTests.swift */; };
		646C32C622CBA2B600A6B321 /* CameraTests.swift in Sources */ = {isa = PBXBuildFile; fileRef = 646C32C522CBA2B600A6B321 /* CameraTests.swift */; };
		646C32C822CBA33B00A6B321 /* ConeTests.swift in Sources */ = {isa = PBXBuildFile; fileRef = 646C32C722CBA33B00A6B321 /* ConeTests.swift */; };
		646C32CA22CBA36100A6B321 /* CSGTests.swift in Sources */ = {isa = PBXBuildFile; fileRef = 646C32C922CBA36100A6B321 /* CSGTests.swift */; };
		646C32CC22CBA38900A6B321 /* CubeTests.swift in Sources */ = {isa = PBXBuildFile; fileRef = 646C32CB22CBA38900A6B321 /* CubeTests.swift */; };
		646C32CE22CBA3A200A6B321 /* CylinderTests.swift in Sources */ = {isa = PBXBuildFile; fileRef = 646C32CD22CBA3A200A6B321 /* CylinderTests.swift */; };
		646C32D022CBA3B000A6B321 /* GroupTests.swift in Sources */ = {isa = PBXBuildFile; fileRef = 646C32CF22CBA3B000A6B321 /* GroupTests.swift */; };
		646C32D322CBA3F800A6B321 /* ObjFileTests.swift in Sources */ = {isa = PBXBuildFile; fileRef = 646C32D222CBA3F800A6B321 /* ObjFileTests.swift */; };
		646C32D522CBA44100A6B321 /* PatternTests.swift in Sources */ = {isa = PBXBuildFile; fileRef = 646C32D422CBA44100A6B321 /* PatternTests.swift */; };
		646C32D722CBA47F00A6B321 /* PlaneTests.swift in Sources */ = {isa = PBXBuildFile; fileRef = 646C32D622CBA47F00A6B321 /* PlaneTests.swift */; };
		646C32D922CBA4E400A6B321 /* MatrixTests.swift in Sources */ = {isa = PBXBuildFile; fileRef = 646C32D822CBA4E400A6B321 /* MatrixTests.swift */; };
		646C32DB22CBA51900A6B321 /* ShapeTests.swift in Sources */ = {isa = PBXBuildFile; fileRef = 646C32DA22CBA51900A6B321 /* ShapeTests.swift */; };
		646C32DD22CBA53700A6B321 /* TransformationTests.swift in Sources */ = {isa = PBXBuildFile; fileRef = 646C32DC22CBA53700A6B321 /* TransformationTests.swift */; };
		646C32DF22CBA55300A6B321 /* TriangleTests.swift in Sources */ = {isa = PBXBuildFile; fileRef = 646C32DE22CBA55300A6B321 /* TriangleTests.swift */; };
		646C32E122CBA56A00A6B321 /* WorldTests.swift in Sources */ = {isa = PBXBuildFile; fileRef = 646C32E022CBA56A00A6B321 /* WorldTests.swift */; };
		64D1FB2022C8731700AA05AE /* Matrix4x4.swift in Sources */ = {isa = PBXBuildFile; fileRef = 64D1FB1F22C8731700AA05AE /* Matrix4x4.swift */; };
		64D1FB2422C9035100AA05AE /* Matrix2x2.swift in Sources */ = {isa = PBXBuildFile; fileRef = 64D1FB2322C9035100AA05AE /* Matrix2x2.swift */; };
		64D1FB2622C9035C00AA05AE /* Matrix3x3.swift in Sources */ = {isa = PBXBuildFile; fileRef = 64D1FB2522C9035C00AA05AE /* Matrix3x3.swift */; };
		64D1FB2D22CADCB500AA05AE /* Ray.swift in Sources */ = {isa = PBXBuildFile; fileRef = 64D1FB2C22CADCB500AA05AE /* Ray.swift */; };
		64D1FB3022CADCD700AA05AE /* Sphere.swift in Sources */ = {isa = PBXBuildFile; fileRef = 64D1FB2F22CADCD700AA05AE /* Sphere.swift */; };
		64D1FB3222CADDE700AA05AE /* RayTests.swift in Sources */ = {isa = PBXBuildFile; fileRef = 64D1FB3122CADDE700AA05AE /* RayTests.swift */; };
		64D1FB3422CAE0CA00AA05AE /* SphereTests.swift in Sources */ = {isa = PBXBuildFile; fileRef = 64D1FB3322CAE0CA00AA05AE /* SphereTests.swift */; };
		64D1FB3622CAE4CF00AA05AE /* Shape.swift in Sources */ = {isa = PBXBuildFile; fileRef = 64D1FB3522CAE4CF00AA05AE /* Shape.swift */; };
		64D1FB3822CAEB2F00AA05AE /* IntersectionsTest.swift in Sources */ = {isa = PBXBuildFile; fileRef = 64D1FB3722CAEB2F00AA05AE /* IntersectionsTest.swift */; };
		64D1FB3A22CAF0B600AA05AE /* Intersection.swift in Sources */ = {isa = PBXBuildFile; fileRef = 64D1FB3922CAF0B600AA05AE /* Intersection.swift */; };
		64D1FB3D22CC2B8200AA05AE /* PointLight.swift in Sources */ = {isa = PBXBuildFile; fileRef = 64D1FB3C22CC2B8200AA05AE /* PointLight.swift */; };
		64D1FB3F22CC2C3500AA05AE /* Material.swift in Sources */ = {isa = PBXBuildFile; fileRef = 64D1FB3E22CC2C3500AA05AE /* Material.swift */; };
		64D1FB4322CD72F200AA05AE /* World.swift in Sources */ = {isa = PBXBuildFile; fileRef = 64D1FB4222CD72F200AA05AE /* World.swift */; };
		64D1FB4522CD78FE00AA05AE /* Computation.swift in Sources */ = {isa = PBXBuildFile; fileRef = 64D1FB4422CD78FE00AA05AE /* Computation.swift */; };
		64D1FB4722CD975700AA05AE /* Camera.swift in Sources */ = {isa = PBXBuildFile; fileRef = 64D1FB4622CD975700AA05AE /* Camera.swift */; };
		64EE917922C7D18700FB2699 /* AppDelegate.swift in Sources */ = {isa = PBXBuildFile; fileRef = 64EE917822C7D18700FB2699 /* AppDelegate.swift */; };
		64EE917B22C7D18700FB2699 /* ViewController.swift in Sources */ = {isa = PBXBuildFile; fileRef = 64EE917A22C7D18700FB2699 /* ViewController.swift */; };
		64EE917D22C7D18900FB2699 /* Assets.xcassets in Resources */ = {isa = PBXBuildFile; fileRef = 64EE917C22C7D18900FB2699 /* Assets.xcassets */; };
		64EE918022C7D18900FB2699 /* Main.storyboard in Resources */ = {isa = PBXBuildFile; fileRef = 64EE917E22C7D18900FB2699 /* Main.storyboard */; };
		64EE918C22C7D18900FB2699 /* RayTracerTestTests.swift in Sources */ = {isa = PBXBuildFile; fileRef = 64EE918B22C7D18900FB2699 /* RayTracerTestTests.swift */; };
		64EE919722C7D18900FB2699 /* RayTracerTestUITests.swift in Sources */ = {isa = PBXBuildFile; fileRef = 64EE919622C7D18900FB2699 /* RayTracerTestUITests.swift */; };
		64EE91A522C7D1B000FB2699 /* Tuple.swift in Sources */ = {isa = PBXBuildFile; fileRef = 64EE91A422C7D1B000FB2699 /* Tuple.swift */; };
		64EE91A722C7EE2A00FB2699 /* TupleTests.swift in Sources */ = {isa = PBXBuildFile; fileRef = 64EE91A622C7EE2900FB2699 /* TupleTests.swift */; };
		64EE91AB22C7F04300FB2699 /* Color.swift in Sources */ = {isa = PBXBuildFile; fileRef = 64EE91AA22C7F04300FB2699 /* Color.swift */; };
		64EE91AF22C7F2F000FB2699 /* Canvas.swift in Sources */ = {isa = PBXBuildFile; fileRef = 64EE91AE22C7F2F000FB2699 /* Canvas.swift */; };
		64EE91B122C7F49F00FB2699 /* CanvasTests.swift in Sources */ = {isa = PBXBuildFile; fileRef = 64EE91B022C7F49F00FB2699 /* CanvasTests.swift */; };
		64EE91B422C8139C00FB2699 /* Projecile.swift in Sources */ = {isa = PBXBuildFile; fileRef = 64EE91B322C8139C00FB2699 /* Projecile.swift */; };
		64EE91B622C813AF00FB2699 /* Environment.swift in Sources */ = {isa = PBXBuildFile; fileRef = 64EE91B522C813AF00FB2699 /* Environment.swift */; };
/* End PBXBuildFile section */

/* Begin PBXContainerItemProxy section */
		64EE918822C7D18900FB2699 /* PBXContainerItemProxy */ = {
			isa = PBXContainerItemProxy;
			containerPortal = 64EE916D22C7D18700FB2699 /* Project object */;
			proxyType = 1;
			remoteGlobalIDString = 64EE917422C7D18700FB2699;
			remoteInfo = RayTracerTest;
		};
		64EE919322C7D18900FB2699 /* PBXContainerItemProxy */ = {
			isa = PBXContainerItemProxy;
			containerPortal = 64EE916D22C7D18700FB2699 /* Project object */;
			proxyType = 1;
			remoteGlobalIDString = 64EE917422C7D18700FB2699;
			remoteInfo = RayTracerTest;
		};
/* End PBXContainerItemProxy section */

/* Begin PBXFileReference section */
		6435B4F522CE58E800270210 /* TestShape.swift */ = {isa = PBXFileReference; lastKnownFileType = sourcecode.swift; path = TestShape.swift; sourceTree = "<group>"; };
		646C32A722CB9EAA00A6B321 /* patterns.feature */ = {isa = PBXFileReference; lastKnownFileType = text; name = patterns.feature; path = "Book Data/features/patterns.feature"; sourceTree = "<group>"; };
		646C32A822CB9EAA00A6B321 /* matrices.feature */ = {isa = PBXFileReference; lastKnownFileType = text; name = matrices.feature; path = "Book Data/features/matrices.feature"; sourceTree = "<group>"; };
		646C32A922CB9EAA00A6B321 /* obj_file.feature */ = {isa = PBXFileReference; lastKnownFileType = text; name = obj_file.feature; path = "Book Data/features/obj_file.feature"; sourceTree = "<group>"; };
		646C32AA22CB9EAA00A6B321 /* groups.feature */ = {isa = PBXFileReference; lastKnownFileType = text; name = groups.feature; path = "Book Data/features/groups.feature"; sourceTree = "<group>"; };
		646C32AB22CB9EAA00A6B321 /* lights.feature */ = {isa = PBXFileReference; lastKnownFileType = text; name = lights.feature; path = "Book Data/features/lights.feature"; sourceTree = "<group>"; };
		646C32AC22CB9EAA00A6B321 /* intersections.feature */ = {isa = PBXFileReference; lastKnownFileType = text; name = intersections.feature; path = "Book Data/features/intersections.feature"; sourceTree = "<group>"; };
		646C32AD22CB9EAA00A6B321 /* planes.feature */ = {isa = PBXFileReference; lastKnownFileType = text; name = planes.feature; path = "Book Data/features/planes.feature"; sourceTree = "<group>"; };
		646C32AE22CB9EAA00A6B321 /* shapes.feature */ = {isa = PBXFileReference; lastKnownFileType = text; name = shapes.feature; path = "Book Data/features/shapes.feature"; sourceTree = "<group>"; };
		646C32AF22CB9EAA00A6B321 /* csg.feature */ = {isa = PBXFileReference; lastKnownFileType = text; name = csg.feature; path = "Book Data/features/csg.feature"; sourceTree = "<group>"; };
		646C32B022CB9EAA00A6B321 /* transformations.feature */ = {isa = PBXFileReference; lastKnownFileType = text; name = transformations.feature; path = "Book Data/features/transformations.feature"; sourceTree = "<group>"; };
		646C32B122CB9EAA00A6B321 /* camera.feature */ = {isa = PBXFileReference; lastKnownFileType = text; name = camera.feature; path = "Book Data/features/camera.feature"; sourceTree = "<group>"; };
		646C32B222CB9EAA00A6B321 /* smooth-triangles.feature */ = {isa = PBXFileReference; lastKnownFileType = text; name = "smooth-triangles.feature"; path = "Book Data/features/smooth-triangles.feature"; sourceTree = "<group>"; };
		646C32B322CB9EAA00A6B321 /* triangles.feature */ = {isa = PBXFileReference; lastKnownFileType = text; name = triangles.feature; path = "Book Data/features/triangles.feature"; sourceTree = "<group>"; };
		646C32B422CB9EAA00A6B321 /* canvas.feature */ = {isa = PBXFileReference; lastKnownFileType = text; name = canvas.feature; path = "Book Data/features/canvas.feature"; sourceTree = "<group>"; };
		646C32B522CB9EAA00A6B321 /* materials.feature */ = {isa = PBXFileReference; lastKnownFileType = text; name = materials.feature; path = "Book Data/features/materials.feature"; sourceTree = "<group>"; };
		646C32B622CB9EAA00A6B321 /* cones.feature */ = {isa = PBXFileReference; lastKnownFileType = text; name = cones.feature; path = "Book Data/features/cones.feature"; sourceTree = "<group>"; };
		646C32B722CB9EAA00A6B321 /* spheres.feature */ = {isa = PBXFileReference; lastKnownFileType = text; name = spheres.feature; path = "Book Data/features/spheres.feature"; sourceTree = "<group>"; };
		646C32B822CB9EAB00A6B321 /* tuples.feature */ = {isa = PBXFileReference; lastKnownFileType = text; name = tuples.feature; path = "Book Data/features/tuples.feature"; sourceTree = "<group>"; };
		646C32B922CB9EAB00A6B321 /* cylinders.feature */ = {isa = PBXFileReference; lastKnownFileType = text; name = cylinders.feature; path = "Book Data/features/cylinders.feature"; sourceTree = "<group>"; };
		646C32BA22CB9EAB00A6B321 /* world.feature */ = {isa = PBXFileReference; lastKnownFileType = text; name = world.feature; path = "Book Data/features/world.feature"; sourceTree = "<group>"; };
		646C32BB22CB9EAB00A6B321 /* rays.feature */ = {isa = PBXFileReference; lastKnownFileType = text; name = rays.feature; path = "Book Data/features/rays.feature"; sourceTree = "<group>"; };
		646C32BC22CB9EAB00A6B321 /* cubes.feature */ = {isa = PBXFileReference; lastKnownFileType = text; name = cubes.feature; path = "Book Data/features/cubes.feature"; sourceTree = "<group>"; };
		646C32BD22CB9EE300A6B321 /* LightsTests.swift */ = {isa = PBXFileReference; lastKnownFileType = sourcecode.swift; path = LightsTests.swift; sourceTree = "<group>"; };
		646C32C322CB9FEA00A6B321 /* MaterialsTests.swift */ = {isa = PBXFileReference; lastKnownFileType = sourcecode.swift; path = MaterialsTests.swift; sourceTree = "<group>"; };
		646C32C522CBA2B600A6B321 /* CameraTests.swift */ = {isa = PBXFileReference; lastKnownFileType = sourcecode.swift; path = CameraTests.swift; sourceTree = "<group>"; };
		646C32C722CBA33B00A6B321 /* ConeTests.swift */ = {isa = PBXFileReference; lastKnownFileType = sourcecode.swift; path = ConeTests.swift; sourceTree = "<group>"; };
		646C32C922CBA36100A6B321 /* CSGTests.swift */ = {isa = PBXFileReference; lastKnownFileType = sourcecode.swift; path = CSGTests.swift; sourceTree = "<group>"; };
		646C32CB22CBA38900A6B321 /* CubeTests.swift */ = {isa = PBXFileReference; lastKnownFileType = sourcecode.swift; path = CubeTests.swift; sourceTree = "<group>"; };
		646C32CD22CBA3A200A6B321 /* CylinderTests.swift */ = {isa = PBXFileReference; lastKnownFileType = sourcecode.swift; path = CylinderTests.swift; sourceTree = "<group>"; };
		646C32CF22CBA3B000A6B321 /* GroupTests.swift */ = {isa = PBXFileReference; lastKnownFileType = sourcecode.swift; path = GroupTests.swift; sourceTree = "<group>"; };
		646C32D222CBA3F800A6B321 /* ObjFileTests.swift */ = {isa = PBXFileReference; lastKnownFileType = sourcecode.swift; path = ObjFileTests.swift; sourceTree = "<group>"; };
		646C32D422CBA44100A6B321 /* PatternTests.swift */ = {isa = PBXFileReference; lastKnownFileType = sourcecode.swift; path = PatternTests.swift; sourceTree = "<group>"; };
		646C32D622CBA47F00A6B321 /* PlaneTests.swift */ = {isa = PBXFileReference; lastKnownFileType = sourcecode.swift; path = PlaneTests.swift; sourceTree = "<group>"; };
		646C32D822CBA4E400A6B321 /* MatrixTests.swift */ = {isa = PBXFileReference; lastKnownFileType = sourcecode.swift; path = MatrixTests.swift; sourceTree = "<group>"; };
		646C32DA22CBA51900A6B321 /* ShapeTests.swift */ = {isa = PBXFileReference; lastKnownFileType = sourcecode.swift; path = ShapeTests.swift; sourceTree = "<group>"; };
		646C32DC22CBA53700A6B321 /* TransformationTests.swift */ = {isa = PBXFileReference; lastKnownFileType = sourcecode.swift; path = TransformationTests.swift; sourceTree = "<group>"; };
		646C32DE22CBA55300A6B321 /* TriangleTests.swift */ = {isa = PBXFileReference; lastKnownFileType = sourcecode.swift; path = TriangleTests.swift; sourceTree = "<group>"; };
		646C32E022CBA56A00A6B321 /* WorldTests.swift */ = {isa = PBXFileReference; lastKnownFileType = sourcecode.swift; path = WorldTests.swift; sourceTree = "<group>"; };
		64D1FB1F22C8731700AA05AE /* Matrix4x4.swift */ = {isa = PBXFileReference; fileEncoding = 4; lastKnownFileType = sourcecode.swift; path = Matrix4x4.swift; sourceTree = "<group>"; };
		64D1FB2322C9035100AA05AE /* Matrix2x2.swift */ = {isa = PBXFileReference; lastKnownFileType = sourcecode.swift; path = Matrix2x2.swift; sourceTree = "<group>"; };
		64D1FB2522C9035C00AA05AE /* Matrix3x3.swift */ = {isa = PBXFileReference; lastKnownFileType = sourcecode.swift; path = Matrix3x3.swift; sourceTree = "<group>"; };
		64D1FB2C22CADCB500AA05AE /* Ray.swift */ = {isa = PBXFileReference; lastKnownFileType = sourcecode.swift; path = Ray.swift; sourceTree = "<group>"; };
		64D1FB2F22CADCD700AA05AE /* Sphere.swift */ = {isa = PBXFileReference; lastKnownFileType = sourcecode.swift; path = Sphere.swift; sourceTree = "<group>"; };
		64D1FB3122CADDE700AA05AE /* RayTests.swift */ = {isa = PBXFileReference; lastKnownFileType = sourcecode.swift; path = RayTests.swift; sourceTree = "<group>"; };
		64D1FB3322CAE0CA00AA05AE /* SphereTests.swift */ = {isa = PBXFileReference; lastKnownFileType = sourcecode.swift; path = SphereTests.swift; sourceTree = "<group>"; };
		64D1FB3522CAE4CF00AA05AE /* Shape.swift */ = {isa = PBXFileReference; lastKnownFileType = sourcecode.swift; path = Shape.swift; sourceTree = "<group>"; };
		64D1FB3722CAEB2F00AA05AE /* IntersectionsTest.swift */ = {isa = PBXFileReference; lastKnownFileType = sourcecode.swift; path = IntersectionsTest.swift; sourceTree = "<group>"; };
		64D1FB3922CAF0B600AA05AE /* Intersection.swift */ = {isa = PBXFileReference; lastKnownFileType = sourcecode.swift; path = Intersection.swift; sourceTree = "<group>"; };
		64D1FB3C22CC2B8200AA05AE /* PointLight.swift */ = {isa = PBXFileReference; lastKnownFileType = sourcecode.swift; path = PointLight.swift; sourceTree = "<group>"; };
		64D1FB3E22CC2C3500AA05AE /* Material.swift */ = {isa = PBXFileReference; lastKnownFileType = sourcecode.swift; path = Material.swift; sourceTree = "<group>"; };
		64D1FB4222CD72F200AA05AE /* World.swift */ = {isa = PBXFileReference; fileEncoding = 4; lastKnownFileType = sourcecode.swift; path = World.swift; sourceTree = "<group>"; };
		64D1FB4422CD78FE00AA05AE /* Computation.swift */ = {isa = PBXFileReference; lastKnownFileType = sourcecode.swift; path = Computation.swift; sourceTree = "<group>"; };
		64D1FB4622CD975700AA05AE /* Camera.swift */ = {isa = PBXFileReference; lastKnownFileType = sourcecode.swift; path = Camera.swift; sourceTree = "<group>"; };
		64EE917522C7D18700FB2699 /* RayTracerTest.app */ = {isa = PBXFileReference; explicitFileType = wrapper.application; includeInIndex = 0; path = RayTracerTest.app; sourceTree = BUILT_PRODUCTS_DIR; };
		64EE917822C7D18700FB2699 /* AppDelegate.swift */ = {isa = PBXFileReference; lastKnownFileType = sourcecode.swift; path = AppDelegate.swift; sourceTree = "<group>"; };
		64EE917A22C7D18700FB2699 /* ViewController.swift */ = {isa = PBXFileReference; lastKnownFileType = sourcecode.swift; path = ViewController.swift; sourceTree = "<group>"; };
		64EE917C22C7D18900FB2699 /* Assets.xcassets */ = {isa = PBXFileReference; lastKnownFileType = folder.assetcatalog; path = Assets.xcassets; sourceTree = "<group>"; };
		64EE917F22C7D18900FB2699 /* Base */ = {isa = PBXFileReference; lastKnownFileType = file.storyboard; name = Base; path = Base.lproj/Main.storyboard; sourceTree = "<group>"; };
		64EE918122C7D18900FB2699 /* Info.plist */ = {isa = PBXFileReference; lastKnownFileType = text.plist.xml; path = Info.plist; sourceTree = "<group>"; };
		64EE918722C7D18900FB2699 /* RayTracerTestTests.xctest */ = {isa = PBXFileReference; explicitFileType = wrapper.cfbundle; includeInIndex = 0; path = RayTracerTestTests.xctest; sourceTree = BUILT_PRODUCTS_DIR; };
		64EE918B22C7D18900FB2699 /* RayTracerTestTests.swift */ = {isa = PBXFileReference; lastKnownFileType = sourcecode.swift; path = RayTracerTestTests.swift; sourceTree = "<group>"; };
		64EE918D22C7D18900FB2699 /* Info.plist */ = {isa = PBXFileReference; lastKnownFileType = text.plist.xml; path = Info.plist; sourceTree = "<group>"; };
		64EE919222C7D18900FB2699 /* RayTracerTestUITests.xctest */ = {isa = PBXFileReference; explicitFileType = wrapper.cfbundle; includeInIndex = 0; path = RayTracerTestUITests.xctest; sourceTree = BUILT_PRODUCTS_DIR; };
		64EE919622C7D18900FB2699 /* RayTracerTestUITests.swift */ = {isa = PBXFileReference; lastKnownFileType = sourcecode.swift; path = RayTracerTestUITests.swift; sourceTree = "<group>"; };
		64EE919822C7D18900FB2699 /* Info.plist */ = {isa = PBXFileReference; lastKnownFileType = text.plist.xml; path = Info.plist; sourceTree = "<group>"; };
		64EE91A422C7D1B000FB2699 /* Tuple.swift */ = {isa = PBXFileReference; lastKnownFileType = sourcecode.swift; path = Tuple.swift; sourceTree = "<group>"; };
		64EE91A622C7EE2900FB2699 /* TupleTests.swift */ = {isa = PBXFileReference; lastKnownFileType = sourcecode.swift; path = TupleTests.swift; sourceTree = "<group>"; };
		64EE91AA22C7F04300FB2699 /* Color.swift */ = {isa = PBXFileReference; lastKnownFileType = sourcecode.swift; path = Color.swift; sourceTree = "<group>"; };
		64EE91AE22C7F2F000FB2699 /* Canvas.swift */ = {isa = PBXFileReference; lastKnownFileType = sourcecode.swift; path = Canvas.swift; sourceTree = "<group>"; };
		64EE91B022C7F49F00FB2699 /* CanvasTests.swift */ = {isa = PBXFileReference; lastKnownFileType = sourcecode.swift; path = CanvasTests.swift; sourceTree = "<group>"; };
		64EE91B322C8139C00FB2699 /* Projecile.swift */ = {isa = PBXFileReference; lastKnownFileType = sourcecode.swift; path = Projecile.swift; sourceTree = "<group>"; };
		64EE91B522C813AF00FB2699 /* Environment.swift */ = {isa = PBXFileReference; lastKnownFileType = sourcecode.swift; path = Environment.swift; sourceTree = "<group>"; };
/* End PBXFileReference section */

/* Begin PBXFrameworksBuildPhase section */
		64EE917222C7D18700FB2699 /* Frameworks */ = {
			isa = PBXFrameworksBuildPhase;
			buildActionMask = 2147483647;
			files = (
			);
			runOnlyForDeploymentPostprocessing = 0;
		};
		64EE918422C7D18900FB2699 /* Frameworks */ = {
			isa = PBXFrameworksBuildPhase;
			buildActionMask = 2147483647;
			files = (
			);
			runOnlyForDeploymentPostprocessing = 0;
		};
		64EE918F22C7D18900FB2699 /* Frameworks */ = {
			isa = PBXFrameworksBuildPhase;
			buildActionMask = 2147483647;
			files = (
			);
			runOnlyForDeploymentPostprocessing = 0;
		};
/* End PBXFrameworksBuildPhase section */

/* Begin PBXGroup section */
		646C32A222CB9E3200A6B321 /* Features */ = {
			isa = PBXGroup;
			children = (
				646C32B122CB9EAA00A6B321 /* camera.feature */,
				646C32B422CB9EAA00A6B321 /* canvas.feature */,
				646C32B622CB9EAA00A6B321 /* cones.feature */,
				646C32AF22CB9EAA00A6B321 /* csg.feature */,
				646C32BC22CB9EAB00A6B321 /* cubes.feature */,
				646C32B922CB9EAB00A6B321 /* cylinders.feature */,
				646C32AA22CB9EAA00A6B321 /* groups.feature */,
				646C32AC22CB9EAA00A6B321 /* intersections.feature */,
				646C32AB22CB9EAA00A6B321 /* lights.feature */,
				646C32B522CB9EAA00A6B321 /* materials.feature */,
				646C32A822CB9EAA00A6B321 /* matrices.feature */,
				646C32A922CB9EAA00A6B321 /* obj_file.feature */,
				646C32A722CB9EAA00A6B321 /* patterns.feature */,
				646C32AD22CB9EAA00A6B321 /* planes.feature */,
				646C32BB22CB9EAB00A6B321 /* rays.feature */,
				646C32AE22CB9EAA00A6B321 /* shapes.feature */,
				646C32B222CB9EAA00A6B321 /* smooth-triangles.feature */,
				646C32B722CB9EAA00A6B321 /* spheres.feature */,
				646C32B022CB9EAA00A6B321 /* transformations.feature */,
				646C32B322CB9EAA00A6B321 /* triangles.feature */,
				646C32B822CB9EAB00A6B321 /* tuples.feature */,
				646C32BA22CB9EAB00A6B321 /* world.feature */,
			);
			name = Features;
			sourceTree = "<group>";
		};
		646C32D122CBA3D400A6B321 /* Resources */ = {
			isa = PBXGroup;
			children = (
				64EE918D22C7D18900FB2699 /* Info.plist */,
			);
			name = Resources;
			sourceTree = "<group>";
		};
		64D1FB2E22CADCC400AA05AE /* Geometry */ = {
			isa = PBXGroup;
			children = (
				64D1FB4622CD975700AA05AE /* Camera.swift */,
				64D1FB3522CAE4CF00AA05AE /* Shape.swift */,
				64D1FB2F22CADCD700AA05AE /* Sphere.swift */,
				6435B4F522CE58E800270210 /* TestShape.swift */,
				64D1FB4222CD72F200AA05AE /* World.swift */,
			);
			path = Geometry;
			sourceTree = "<group>";
		};
		64D1FB3B22CC2B6D00AA05AE /* Lights */ = {
			isa = PBXGroup;
			children = (
				64D1FB3C22CC2B8200AA05AE /* PointLight.swift */,
				64D1FB3E22CC2C3500AA05AE /* Material.swift */,
			);
			path = Lights;
			sourceTree = "<group>";
		};
		64EE916C22C7D18700FB2699 = {
			isa = PBXGroup;
			children = (
				646C32A222CB9E3200A6B321 /* Features */,
				64EE917722C7D18700FB2699 /* RayTracerTest */,
				64EE918A22C7D18900FB2699 /* RayTracerTestTests */,
				64EE919522C7D18900FB2699 /* RayTracerTestUITests */,
				64EE917622C7D18700FB2699 /* Products */,
			);
			sourceTree = "<group>";
		};
		64EE917622C7D18700FB2699 /* Products */ = {
			isa = PBXGroup;
			children = (
				64EE917522C7D18700FB2699 /* RayTracerTest.app */,
				64EE918722C7D18900FB2699 /* RayTracerTestTests.xctest */,
				64EE919222C7D18900FB2699 /* RayTracerTestUITests.xctest */,
			);
			name = Products;
			sourceTree = "<group>";
		};
		64EE917722C7D18700FB2699 /* RayTracerTest */ = {
			isa = PBXGroup;
			children = (
				64EE917822C7D18700FB2699 /* AppDelegate.swift */,
				64EE917C22C7D18900FB2699 /* Assets.xcassets */,
				64EE91AE22C7F2F000FB2699 /* Canvas.swift */,
				64EE91B522C813AF00FB2699 /* Environment.swift */,
				64D1FB2E22CADCC400AA05AE /* Geometry */,
				64EE918122C7D18900FB2699 /* Info.plist */,
				64D1FB3B22CC2B6D00AA05AE /* Lights */,
				64EE917E22C7D18900FB2699 /* Main.storyboard */,
				64EE91B222C8125200FB2699 /* Math */,
				64EE91B322C8139C00FB2699 /* Projecile.swift */,
				64EE917A22C7D18700FB2699 /* ViewController.swift */,
			);
			path = RayTracerTest;
			sourceTree = "<group>";
		};
		64EE918A22C7D18900FB2699 /* RayTracerTestTests */ = {
			isa = PBXGroup;
			children = (
				646C32D122CBA3D400A6B321 /* Resources */,
				646C32C522CBA2B600A6B321 /* CameraTests.swift */,
				64EE91B022C7F49F00FB2699 /* CanvasTests.swift */,
				646C32C722CBA33B00A6B321 /* ConeTests.swift */,
				646C32C922CBA36100A6B321 /* CSGTests.swift */,
				646C32CB22CBA38900A6B321 /* CubeTests.swift */,
				646C32CD22CBA3A200A6B321 /* CylinderTests.swift */,
				646C32CF22CBA3B000A6B321 /* GroupTests.swift */,
				64D1FB3722CAEB2F00AA05AE /* IntersectionsTest.swift */,
				646C32BD22CB9EE300A6B321 /* LightsTests.swift */,
				646C32C322CB9FEA00A6B321 /* MaterialsTests.swift */,
				646C32D822CBA4E400A6B321 /* MatrixTests.swift */,
				646C32D222CBA3F800A6B321 /* ObjFileTests.swift */,
				646C32D422CBA44100A6B321 /* PatternTests.swift */,
				646C32D622CBA47F00A6B321 /* PlaneTests.swift */,
				64D1FB3122CADDE700AA05AE /* RayTests.swift */,
				64EE918B22C7D18900FB2699 /* RayTracerTestTests.swift */,
				646C32DA22CBA51900A6B321 /* ShapeTests.swift */,
				64D1FB3322CAE0CA00AA05AE /* SphereTests.swift */,
				646C32DC22CBA53700A6B321 /* TransformationTests.swift */,
				646C32DE22CBA55300A6B321 /* TriangleTests.swift */,
				64EE91A622C7EE2900FB2699 /* TupleTests.swift */,
				646C32E022CBA56A00A6B321 /* WorldTests.swift */,
			);
			path = RayTracerTestTests;
			sourceTree = "<group>";
		};
		64EE919522C7D18900FB2699 /* RayTracerTestUITests */ = {
			isa = PBXGroup;
			children = (
				64EE919622C7D18900FB2699 /* RayTracerTestUITests.swift */,
				64EE919822C7D18900FB2699 /* Info.plist */,
			);
			path = RayTracerTestUITests;
			sourceTree = "<group>";
		};
		64EE91B222C8125200FB2699 /* Math */ = {
			isa = PBXGroup;
			children = (
				64EE91AA22C7F04300FB2699 /* Color.swift */,
				64D1FB3922CAF0B600AA05AE /* Intersection.swift */,
				64D1FB2322C9035100AA05AE /* Matrix2x2.swift */,
				64D1FB2522C9035C00AA05AE /* Matrix3x3.swift */,
				64D1FB1F22C8731700AA05AE /* Matrix4x4.swift */,
				64D1FB2C22CADCB500AA05AE /* Ray.swift */,
				64EE91A422C7D1B000FB2699 /* Tuple.swift */,
				64D1FB4422CD78FE00AA05AE /* Computation.swift */,
			);
			path = Math;
			sourceTree = "<group>";
		};
/* End PBXGroup section */

/* Begin PBXNativeTarget section */
		64EE917422C7D18700FB2699 /* RayTracerTest */ = {
			isa = PBXNativeTarget;
			buildConfigurationList = 64EE919B22C7D18900FB2699 /* Build configuration list for PBXNativeTarget "RayTracerTest" */;
			buildPhases = (
				64EE917122C7D18700FB2699 /* Sources */,
				64EE917222C7D18700FB2699 /* Frameworks */,
				64EE917322C7D18700FB2699 /* Resources */,
			);
			buildRules = (
			);
			dependencies = (
			);
			name = RayTracerTest;
			productName = RayTracerTest;
			productReference = 64EE917522C7D18700FB2699 /* RayTracerTest.app */;
			productType = "com.apple.product-type.application";
		};
		64EE918622C7D18900FB2699 /* RayTracerTestTests */ = {
			isa = PBXNativeTarget;
			buildConfigurationList = 64EE919E22C7D18900FB2699 /* Build configuration list for PBXNativeTarget "RayTracerTestTests" */;
			buildPhases = (
				64EE918322C7D18900FB2699 /* Sources */,
				64EE918422C7D18900FB2699 /* Frameworks */,
				64EE918522C7D18900FB2699 /* Resources */,
			);
			buildRules = (
			);
			dependencies = (
				64EE918922C7D18900FB2699 /* PBXTargetDependency */,
			);
			name = RayTracerTestTests;
			productName = RayTracerTestTests;
			productReference = 64EE918722C7D18900FB2699 /* RayTracerTestTests.xctest */;
			productType = "com.apple.product-type.bundle.unit-test";
		};
		64EE919122C7D18900FB2699 /* RayTracerTestUITests */ = {
			isa = PBXNativeTarget;
			buildConfigurationList = 64EE91A122C7D18900FB2699 /* Build configuration list for PBXNativeTarget "RayTracerTestUITests" */;
			buildPhases = (
				64EE918E22C7D18900FB2699 /* Sources */,
				64EE918F22C7D18900FB2699 /* Frameworks */,
				64EE919022C7D18900FB2699 /* Resources */,
			);
			buildRules = (
			);
			dependencies = (
				64EE919422C7D18900FB2699 /* PBXTargetDependency */,
			);
			name = RayTracerTestUITests;
			productName = RayTracerTestUITests;
			productReference = 64EE919222C7D18900FB2699 /* RayTracerTestUITests.xctest */;
			productType = "com.apple.product-type.bundle.ui-testing";
		};
/* End PBXNativeTarget section */

/* Begin PBXProject section */
		64EE916D22C7D18700FB2699 /* Project object */ = {
			isa = PBXProject;
			attributes = {
				LastSwiftUpdateCheck = 1020;
				LastUpgradeCheck = 1020;
				ORGANIZATIONNAME = "Steven Behnke";
				TargetAttributes = {
					64EE917422C7D18700FB2699 = {
						CreatedOnToolsVersion = 10.2.1;
					};
					64EE918622C7D18900FB2699 = {
						CreatedOnToolsVersion = 10.2.1;
						TestTargetID = 64EE917422C7D18700FB2699;
					};
					64EE919122C7D18900FB2699 = {
						CreatedOnToolsVersion = 10.2.1;
						TestTargetID = 64EE917422C7D18700FB2699;
					};
				};
			};
			buildConfigurationList = 64EE917022C7D18700FB2699 /* Build configuration list for PBXProject "RayTracerTest" */;
			compatibilityVersion = "Xcode 9.3";
			developmentRegion = en;
			hasScannedForEncodings = 0;
			knownRegions = (
				en,
				Base,
			);
			mainGroup = 64EE916C22C7D18700FB2699;
			productRefGroup = 64EE917622C7D18700FB2699 /* Products */;
			projectDirPath = "";
			projectRoot = "";
			targets = (
				64EE917422C7D18700FB2699 /* RayTracerTest */,
				64EE918622C7D18900FB2699 /* RayTracerTestTests */,
				64EE919122C7D18900FB2699 /* RayTracerTestUITests */,
			);
		};
/* End PBXProject section */

/* Begin PBXResourcesBuildPhase section */
		64EE917322C7D18700FB2699 /* Resources */ = {
			isa = PBXResourcesBuildPhase;
			buildActionMask = 2147483647;
			files = (
				64EE917D22C7D18900FB2699 /* Assets.xcassets in Resources */,
				64EE918022C7D18900FB2699 /* Main.storyboard in Resources */,
			);
			runOnlyForDeploymentPostprocessing = 0;
		};
		64EE918522C7D18900FB2699 /* Resources */ = {
			isa = PBXResourcesBuildPhase;
			buildActionMask = 2147483647;
			files = (
			);
			runOnlyForDeploymentPostprocessing = 0;
		};
		64EE919022C7D18900FB2699 /* Resources */ = {
			isa = PBXResourcesBuildPhase;
			buildActionMask = 2147483647;
			files = (
			);
			runOnlyForDeploymentPostprocessing = 0;
		};
/* End PBXResourcesBuildPhase section */

/* Begin PBXSourcesBuildPhase section */
		64EE917122C7D18700FB2699 /* Sources */ = {
			isa = PBXSourcesBuildPhase;
			buildActionMask = 2147483647;
			files = (
				64D1FB2022C8731700AA05AE /* Matrix4x4.swift in Sources */,
				64D1FB4522CD78FE00AA05AE /* Computation.swift in Sources */,
				64D1FB4322CD72F200AA05AE /* World.swift in Sources */,
				6435B4F622CE58E800270210 /* TestShape.swift in Sources */,
				64EE91B622C813AF00FB2699 /* Environment.swift in Sources */,
				64D1FB3022CADCD700AA05AE /* Sphere.swift in Sources */,
				64EE917B22C7D18700FB2699 /* ViewController.swift in Sources */,
				64EE91A522C7D1B000FB2699 /* Tuple.swift in Sources */,
				64EE91AB22C7F04300FB2699 /* Color.swift in Sources */,
				64D1FB3622CAE4CF00AA05AE /* Shape.swift in Sources */,
				64EE917922C7D18700FB2699 /* AppDelegate.swift in Sources */,
				64D1FB3F22CC2C3500AA05AE /* Material.swift in Sources */,
				64D1FB2422C9035100AA05AE /* Matrix2x2.swift in Sources */,
				64D1FB4722CD975700AA05AE /* Camera.swift in Sources */,
				64D1FB2622C9035C00AA05AE /* Matrix3x3.swift in Sources */,
				64EE91B422C8139C00FB2699 /* Projecile.swift in Sources */,
				64D1FB3D22CC2B8200AA05AE /* PointLight.swift in Sources */,
				64D1FB2D22CADCB500AA05AE /* Ray.swift in Sources */,
				64D1FB3A22CAF0B600AA05AE /* Intersection.swift in Sources */,
				64EE91AF22C7F2F000FB2699 /* Canvas.swift in Sources */,
			);
			runOnlyForDeploymentPostprocessing = 0;
		};
		64EE918322C7D18900FB2699 /* Sources */ = {
			isa = PBXSourcesBuildPhase;
			buildActionMask = 2147483647;
			files = (
				646C32DF22CBA55300A6B321 /* TriangleTests.swift in Sources */,
				64D1FB3222CADDE700AA05AE /* RayTests.swift in Sources */,
				646C32D022CBA3B000A6B321 /* GroupTests.swift in Sources */,
				646C32BE22CB9EE300A6B321 /* LightsTests.swift in Sources */,
				646C32DB22CBA51900A6B321 /* ShapeTests.swift in Sources */,
				646C32C622CBA2B600A6B321 /* CameraTests.swift in Sources */,
				646C32DD22CBA53700A6B321 /* TransformationTests.swift in Sources */,
				646C32C822CBA33B00A6B321 /* ConeTests.swift in Sources */,
				646C32D922CBA4E400A6B321 /* MatrixTests.swift in Sources */,
				646C32D722CBA47F00A6B321 /* PlaneTests.swift in Sources */,
				646C32CA22CBA36100A6B321 /* CSGTests.swift in Sources */,
				646C32E122CBA56A00A6B321 /* WorldTests.swift in Sources */,
				64D1FB3822CAEB2F00AA05AE /* IntersectionsTest.swift in Sources */,
				646C32C422CB9FEA00A6B321 /* MaterialsTests.swift in Sources */,
				646C32CE22CBA3A200A6B321 /* CylinderTests.swift in Sources */,
				64EE91A722C7EE2A00FB2699 /* TupleTests.swift in Sources */,
				64D1FB3422CAE0CA00AA05AE /* SphereTests.swift in Sources */,
				64EE918C22C7D18900FB2699 /* RayTracerTestTests.swift in Sources */,
				646C32CC22CBA38900A6B321 /* CubeTests.swift in Sources */,
				646C32D322CBA3F800A6B321 /* ObjFileTests.swift in Sources */,
				64EE91B122C7F49F00FB2699 /* CanvasTests.swift in Sources */,
				646C32D522CBA44100A6B321 /* PatternTests.swift in Sources */,
			);
			runOnlyForDeploymentPostprocessing = 0;
		};
		64EE918E22C7D18900FB2699 /* Sources */ = {
			isa = PBXSourcesBuildPhase;
			buildActionMask = 2147483647;
			files = (
				64EE919722C7D18900FB2699 /* RayTracerTestUITests.swift in Sources */,
			);
			runOnlyForDeploymentPostprocessing = 0;
		};
/* End PBXSourcesBuildPhase section */

/* Begin PBXTargetDependency section */
		64EE918922C7D18900FB2699 /* PBXTargetDependency */ = {
			isa = PBXTargetDependency;
			target = 64EE917422C7D18700FB2699 /* RayTracerTest */;
			targetProxy = 64EE918822C7D18900FB2699 /* PBXContainerItemProxy */;
		};
		64EE919422C7D18900FB2699 /* PBXTargetDependency */ = {
			isa = PBXTargetDependency;
			target = 64EE917422C7D18700FB2699 /* RayTracerTest */;
			targetProxy = 64EE919322C7D18900FB2699 /* PBXContainerItemProxy */;
		};
/* End PBXTargetDependency section */

/* Begin PBXVariantGroup section */
		64EE917E22C7D18900FB2699 /* Main.storyboard */ = {
			isa = PBXVariantGroup;
			children = (
				64EE917F22C7D18900FB2699 /* Base */,
			);
			name = Main.storyboard;
			sourceTree = "<group>";
		};
/* End PBXVariantGroup section */

/* Begin XCBuildConfiguration section */
		64EE919922C7D18900FB2699 /* Debug */ = {
			isa = XCBuildConfiguration;
			buildSettings = {
				ALWAYS_SEARCH_USER_PATHS = NO;
				CLANG_ANALYZER_NONNULL = YES;
				CLANG_ANALYZER_NUMBER_OBJECT_CONVERSION = YES_AGGRESSIVE;
				CLANG_CXX_LANGUAGE_STANDARD = "gnu++14";
				CLANG_CXX_LIBRARY = "libc++";
				CLANG_ENABLE_MODULES = YES;
				CLANG_ENABLE_OBJC_ARC = YES;
				CLANG_ENABLE_OBJC_WEAK = YES;
				CLANG_WARN_BLOCK_CAPTURE_AUTORELEASING = YES;
				CLANG_WARN_BOOL_CONVERSION = YES;
				CLANG_WARN_COMMA = YES;
				CLANG_WARN_CONSTANT_CONVERSION = YES;
				CLANG_WARN_DEPRECATED_OBJC_IMPLEMENTATIONS = YES;
				CLANG_WARN_DIRECT_OBJC_ISA_USAGE = YES_ERROR;
				CLANG_WARN_DOCUMENTATION_COMMENTS = YES;
				CLANG_WARN_EMPTY_BODY = YES;
				CLANG_WARN_ENUM_CONVERSION = YES;
				CLANG_WARN_INFINITE_RECURSION = YES;
				CLANG_WARN_INT_CONVERSION = YES;
				CLANG_WARN_NON_LITERAL_NULL_CONVERSION = YES;
				CLANG_WARN_OBJC_IMPLICIT_RETAIN_SELF = YES;
				CLANG_WARN_OBJC_LITERAL_CONVERSION = YES;
				CLANG_WARN_OBJC_ROOT_CLASS = YES_ERROR;
				CLANG_WARN_RANGE_LOOP_ANALYSIS = YES;
				CLANG_WARN_STRICT_PROTOTYPES = YES;
				CLANG_WARN_SUSPICIOUS_MOVE = YES;
				CLANG_WARN_UNGUARDED_AVAILABILITY = YES_AGGRESSIVE;
				CLANG_WARN_UNREACHABLE_CODE = YES;
				CLANG_WARN__DUPLICATE_METHOD_MATCH = YES;
				CODE_SIGN_IDENTITY = "-";
				COPY_PHASE_STRIP = NO;
				DEBUG_INFORMATION_FORMAT = dwarf;
				ENABLE_STRICT_OBJC_MSGSEND = YES;
				ENABLE_TESTABILITY = YES;
				GCC_C_LANGUAGE_STANDARD = gnu11;
				GCC_DYNAMIC_NO_PIC = NO;
				GCC_NO_COMMON_BLOCKS = YES;
				GCC_OPTIMIZATION_LEVEL = 0;
				GCC_PREPROCESSOR_DEFINITIONS = (
					"DEBUG=1",
					"$(inherited)",
				);
				GCC_WARN_64_TO_32_BIT_CONVERSION = YES;
				GCC_WARN_ABOUT_RETURN_TYPE = YES_ERROR;
				GCC_WARN_UNDECLARED_SELECTOR = YES;
				GCC_WARN_UNINITIALIZED_AUTOS = YES_AGGRESSIVE;
				GCC_WARN_UNUSED_FUNCTION = YES;
				GCC_WARN_UNUSED_VARIABLE = YES;
				MACOSX_DEPLOYMENT_TARGET = 10.14;
				MTL_ENABLE_DEBUG_INFO = INCLUDE_SOURCE;
				MTL_FAST_MATH = YES;
				ONLY_ACTIVE_ARCH = YES;
				SDKROOT = macosx;
				SWIFT_ACTIVE_COMPILATION_CONDITIONS = DEBUG;
				SWIFT_OPTIMIZATION_LEVEL = "-Onone";
			};
			name = Debug;
		};
		64EE919A22C7D18900FB2699 /* Release */ = {
			isa = XCBuildConfiguration;
			buildSettings = {
				ALWAYS_SEARCH_USER_PATHS = NO;
				CLANG_ANALYZER_NONNULL = YES;
				CLANG_ANALYZER_NUMBER_OBJECT_CONVERSION = YES_AGGRESSIVE;
				CLANG_CXX_LANGUAGE_STANDARD = "gnu++14";
				CLANG_CXX_LIBRARY = "libc++";
				CLANG_ENABLE_MODULES = YES;
				CLANG_ENABLE_OBJC_ARC = YES;
				CLANG_ENABLE_OBJC_WEAK = YES;
				CLANG_WARN_BLOCK_CAPTURE_AUTORELEASING = YES;
				CLANG_WARN_BOOL_CONVERSION = YES;
				CLANG_WARN_COMMA = YES;
				CLANG_WARN_CONSTANT_CONVERSION = YES;
				CLANG_WARN_DEPRECATED_OBJC_IMPLEMENTATIONS = YES;
				CLANG_WARN_DIRECT_OBJC_ISA_USAGE = YES_ERROR;
				CLANG_WARN_DOCUMENTATION_COMMENTS = YES;
				CLANG_WARN_EMPTY_BODY = YES;
				CLANG_WARN_ENUM_CONVERSION = YES;
				CLANG_WARN_INFINITE_RECURSION = YES;
				CLANG_WARN_INT_CONVERSION = YES;
				CLANG_WARN_NON_LITERAL_NULL_CONVERSION = YES;
				CLANG_WARN_OBJC_IMPLICIT_RETAIN_SELF = YES;
				CLANG_WARN_OBJC_LITERAL_CONVERSION = YES;
				CLANG_WARN_OBJC_ROOT_CLASS = YES_ERROR;
				CLANG_WARN_RANGE_LOOP_ANALYSIS = YES;
				CLANG_WARN_STRICT_PROTOTYPES = YES;
				CLANG_WARN_SUSPICIOUS_MOVE = YES;
				CLANG_WARN_UNGUARDED_AVAILABILITY = YES_AGGRESSIVE;
				CLANG_WARN_UNREACHABLE_CODE = YES;
				CLANG_WARN__DUPLICATE_METHOD_MATCH = YES;
				CODE_SIGN_IDENTITY = "-";
				COPY_PHASE_STRIP = NO;
				DEBUG_INFORMATION_FORMAT = "dwarf-with-dsym";
				ENABLE_NS_ASSERTIONS = NO;
				ENABLE_STRICT_OBJC_MSGSEND = YES;
				GCC_C_LANGUAGE_STANDARD = gnu11;
				GCC_NO_COMMON_BLOCKS = YES;
				GCC_WARN_64_TO_32_BIT_CONVERSION = YES;
				GCC_WARN_ABOUT_RETURN_TYPE = YES_ERROR;
				GCC_WARN_UNDECLARED_SELECTOR = YES;
				GCC_WARN_UNINITIALIZED_AUTOS = YES_AGGRESSIVE;
				GCC_WARN_UNUSED_FUNCTION = YES;
				GCC_WARN_UNUSED_VARIABLE = YES;
				MACOSX_DEPLOYMENT_TARGET = 10.14;
				MTL_ENABLE_DEBUG_INFO = NO;
				MTL_FAST_MATH = YES;
				SDKROOT = macosx;
				SWIFT_COMPILATION_MODE = wholemodule;
				SWIFT_OPTIMIZATION_LEVEL = "-O";
			};
			name = Release;
		};
		64EE919C22C7D18900FB2699 /* Debug */ = {
			isa = XCBuildConfiguration;
			buildSettings = {
				ASSETCATALOG_COMPILER_APPICON_NAME = AppIcon;
				CODE_SIGN_ENTITLEMENTS = "";
				CODE_SIGN_IDENTITY = "";
				CODE_SIGN_STYLE = Automatic;
				COMBINE_HIDPI_IMAGES = YES;
				DEVELOPMENT_TEAM = "";
				INFOPLIST_FILE = RayTracerTest/Info.plist;
				LD_RUNPATH_SEARCH_PATHS = (
					"$(inherited)",
					"@executable_path/../Frameworks",
				);
				PRODUCT_BUNDLE_IDENTIFIER = com.none.RayTracerTest;
				PRODUCT_NAME = "$(TARGET_NAME)";
				PROVISIONING_PROFILE_SPECIFIER = "";
				SWIFT_VERSION = 5.0;
			};
			name = Debug;
		};
		64EE919D22C7D18900FB2699 /* Release */ = {
			isa = XCBuildConfiguration;
			buildSettings = {
				ASSETCATALOG_COMPILER_APPICON_NAME = AppIcon;
				CODE_SIGN_ENTITLEMENTS = "";
				CODE_SIGN_IDENTITY = "";
				CODE_SIGN_STYLE = Automatic;
				COMBINE_HIDPI_IMAGES = YES;
				DEVELOPMENT_TEAM = "";
				INFOPLIST_FILE = RayTracerTest/Info.plist;
				LD_RUNPATH_SEARCH_PATHS = (
					"$(inherited)",
					"@executable_path/../Frameworks",
				);
				PRODUCT_BUNDLE_IDENTIFIER = com.none.RayTracerTest;
				PRODUCT_NAME = "$(TARGET_NAME)";
				PROVISIONING_PROFILE_SPECIFIER = "";
				SWIFT_VERSION = 5.0;
			};
			name = Release;
		};
		64EE919F22C7D18900FB2699 /* Debug */ = {
			isa = XCBuildConfiguration;
			buildSettings = {
				ALWAYS_EMBED_SWIFT_STANDARD_LIBRARIES = YES;
				BUNDLE_LOADER = "$(TEST_HOST)";
				CODE_SIGN_STYLE = Automatic;
				COMBINE_HIDPI_IMAGES = YES;
				INFOPLIST_FILE = RayTracerTestTests/Info.plist;
				LD_RUNPATH_SEARCH_PATHS = (
					"$(inherited)",
					"@executable_path/../Frameworks",
					"@loader_path/../Frameworks",
				);
				PRODUCT_BUNDLE_IDENTIFIER = com.none.RayTracerTestTests;
				PRODUCT_NAME = "$(TARGET_NAME)";
				SWIFT_VERSION = 5.0;
				TEST_HOST = "$(BUILT_PRODUCTS_DIR)/RayTracerTest.app/Contents/MacOS/RayTracerTest";
			};
			name = Debug;
		};
		64EE91A022C7D18900FB2699 /* Release */ = {
			isa = XCBuildConfiguration;
			buildSettings = {
				ALWAYS_EMBED_SWIFT_STANDARD_LIBRARIES = YES;
				BUNDLE_LOADER = "$(TEST_HOST)";
				CODE_SIGN_STYLE = Automatic;
				COMBINE_HIDPI_IMAGES = YES;
				INFOPLIST_FILE = RayTracerTestTests/Info.plist;
				LD_RUNPATH_SEARCH_PATHS = (
					"$(inherited)",
					"@executable_path/../Frameworks",
					"@loader_path/../Frameworks",
				);
				PRODUCT_BUNDLE_IDENTIFIER = com.none.RayTracerTestTests;
				PRODUCT_NAME = "$(TARGET_NAME)";
				SWIFT_VERSION = 5.0;
				TEST_HOST = "$(BUILT_PRODUCTS_DIR)/RayTracerTest.app/Contents/MacOS/RayTracerTest";
			};
			name = Release;
		};
		64EE91A222C7D18900FB2699 /* Debug */ = {
			isa = XCBuildConfiguration;
			buildSettings = {
				ALWAYS_EMBED_SWIFT_STANDARD_LIBRARIES = YES;
				CODE_SIGN_STYLE = Automatic;
				COMBINE_HIDPI_IMAGES = YES;
				INFOPLIST_FILE = RayTracerTestUITests/Info.plist;
				LD_RUNPATH_SEARCH_PATHS = (
					"$(inherited)",
					"@executable_path/../Frameworks",
					"@loader_path/../Frameworks",
				);
				PRODUCT_BUNDLE_IDENTIFIER = com.none.RayTracerTestUITests;
				PRODUCT_NAME = "$(TARGET_NAME)";
				SWIFT_VERSION = 5.0;
				TEST_TARGET_NAME = RayTracerTest;
			};
			name = Debug;
		};
		64EE91A322C7D18900FB2699 /* Release */ = {
			isa = XCBuildConfiguration;
			buildSettings = {
				ALWAYS_EMBED_SWIFT_STANDARD_LIBRARIES = YES;
				CODE_SIGN_STYLE = Automatic;
				COMBINE_HIDPI_IMAGES = YES;
				INFOPLIST_FILE = RayTracerTestUITests/Info.plist;
				LD_RUNPATH_SEARCH_PATHS = (
					"$(inherited)",
					"@executable_path/../Frameworks",
					"@loader_path/../Frameworks",
				);
				PRODUCT_BUNDLE_IDENTIFIER = com.none.RayTracerTestUITests;
				PRODUCT_NAME = "$(TARGET_NAME)";
				SWIFT_VERSION = 5.0;
				TEST_TARGET_NAME = RayTracerTest;
			};
			name = Release;
		};
/* End XCBuildConfiguration section */

/* Begin XCConfigurationList section */
		64EE917022C7D18700FB2699 /* Build configuration list for PBXProject "RayTracerTest" */ = {
			isa = XCConfigurationList;
			buildConfigurations = (
				64EE919922C7D18900FB2699 /* Debug */,
				64EE919A22C7D18900FB2699 /* Release */,
			);
			defaultConfigurationIsVisible = 0;
			defaultConfigurationName = Release;
		};
		64EE919B22C7D18900FB2699 /* Build configuration list for PBXNativeTarget "RayTracerTest" */ = {
			isa = XCConfigurationList;
			buildConfigurations = (
				64EE919C22C7D18900FB2699 /* Debug */,
				64EE919D22C7D18900FB2699 /* Release */,
			);
			defaultConfigurationIsVisible = 0;
			defaultConfigurationName = Release;
		};
		64EE919E22C7D18900FB2699 /* Build configuration list for PBXNativeTarget "RayTracerTestTests" */ = {
			isa = XCConfigurationList;
			buildConfigurations = (
				64EE919F22C7D18900FB2699 /* Debug */,
				64EE91A022C7D18900FB2699 /* Release */,
			);
			defaultConfigurationIsVisible = 0;
			defaultConfigurationName = Release;
		};
		64EE91A122C7D18900FB2699 /* Build configuration list for PBXNativeTarget "RayTracerTestUITests" */ = {
			isa = XCConfigurationList;
			buildConfigurations = (
				64EE91A222C7D18900FB2699 /* Debug */,
				64EE91A322C7D18900FB2699 /* Release */,
			);
			defaultConfigurationIsVisible = 0;
			defaultConfigurationName = Release;
		};
/* End XCConfigurationList section */
	};
	rootObject = 64EE916D22C7D18700FB2699 /* Project object */;
}
